
Microsoft Visual Studio Solution File, Format Version 12.00
# Visual Studio Version 16
VisualStudioVersion = 16.0.30907.101
MinimumVisualStudioVersion = 10.0.40219.1
Project("{FAE04EC0-301F-11D3-BF4B-00C04F79EFBC}") = "WebAppForTesting", "WebAppForTesting.csproj", "{395EB6CA-4831-40C2-8B4F-940946A8022E}"
EndProject
Global
	GlobalSection(SolutionConfigurationPlatforms) = preSolution
		Debug|Any CPU = Debug|Any CPU
		Release|Any CPU = Release|Any CPU
	EndGlobalSection
	GlobalSection(ProjectConfigurationPlatforms) = postSolution
		{395EB6CA-4831-40C2-8B4F-940946A8022E}.Debug|Any CPU.ActiveCfg = Debug|Any CPU
		{395EB6CA-4831-40C2-8B4F-940946A8022E}.Debug|Any CPU.Build.0 = Debug|Any CPU
		{395EB6CA-4831-40C2-8B4F-940946A8022E}.Release|Any CPU.ActiveCfg = Release|Any CPU
		{395EB6CA-4831-40C2-8B4F-940946A8022E}.Release|Any CPU.Build.0 = Release|Any CPU
	EndGlobalSection
	GlobalSection(SolutionProperties) = preSolution
		HideSolutionNode = FALSE
	EndGlobalSection
	GlobalSection(ExtensibilityGlobals) = postSolution
		SolutionGuid = {5C0593B6-E27A-41C9-8FDB-E9D0CC9B7CFE}
	EndGlobalSection
EndGlobal
